<Solution>
  <Folder Name="/Additional Files/">
    <File Path=".gitattributes" />
    <File Path=".gitignore" />
    <File Path="CONTRIBUTING.md" />
    <File Path="Directory.Build.props" />
    <File Path="Directory.Packages.props" />
    <File Path="LICENSE.md" />
    <File Path="NuGet.Config" />
    <File Path="README.md" />
    <File Path="SECURITY.md" />
  </Folder>
  <Folder Name="/Common/">
    <Project Path="Common/Beskar.Networking.Common/Beskar.Networking.Common.csproj" />
    <Project Path="Common/Beskar.Networking.Protocol/Beskar.Networking.Protocol.csproj" />
    <Project Path="Common/Beskar.Networking.Resilient.Client/Beskar.Networking.Resilient.Client.csproj" />
    <Project Path="Common/Beskar.Networking.Resilient.Common/Beskar.Networking.Resilient.Common.csproj" />
    <Project Path="Common/Beskar.Networking.Resilient.Server/Beskar.Networking.Resilient.Server.csproj" />
  </Folder>
  <Folder Name="/Common/Generators/">
    <Project Path="Common/Beskar.Networking.Protocol.Generators/Beskar.Networking.Protocol.Generators.csproj" />
  </Folder>
  <Folder Name="/Documentation/" />
  <Folder Name="/Documentation/Basics/">
    <File Path="Documentation/Basics/Abstractions.md" />
    <File Path="Documentation/Basics/Transports.md" />
  </Folder>
  <Folder Name="/Documentation/Transports/">
    <File Path="Documentation/Transports/Tcp.md" />
    <File Path="Documentation/Transports/Ws.md" />
    <File Path="Documentation/Transports/Quic.md" />
    <File Path="Documentation/Transports/Udp.md" />
    <File Path="Documentation/Transports/Uds.md" />
    <File Path="Documentation/Transports/NamedPipes.md" />
    <File Path="Documentation/Transports/Memory.md" />
  </Folder>
  <Folder Name="/Documentation/Mqtt/">
    <File Path="Documentation/Mqtt/Authentication.md" />
    <File Path="Documentation/Mqtt/PubSub.md" />
    <File Path="Documentation/Mqtt/QosLevels.md" />
    <File Path="Documentation/Mqtt/Reconnection.md" />
    <File Path="Documentation/Mqtt/DisconnectionSafety.md" />
    <File Path="Documentation/Mqtt/LastWill.md" />
    <File Path="Documentation/Mqtt/TopicGenerator.md" />
    <File Path="Documentation/Mqtt/UserProperties.md" />
    <File Path="Documentation/Mqtt/TopicAliases.md" />
  </Folder>
  <Folder Name="/Documentation/Raft/">
    <File Path="Documentation/Raft/Overview.md" />
    <File Path="Documentation/Raft/StorageAndPersistence.md" />
    <File Path="Documentation/Raft/StateMachineAndProposals.md" />
    <File Path="Documentation/Raft/SnapshotAndCompaction.md" />
  </Folder>
  <Folder Name="/Documentation/Resilient/">
    <File Path="Documentation/Resilient/Authentication.md" />
    <File Path="Documentation/Resilient/CustomFraming.md" />
    <File Path="Documentation/Resilient/Events.md" />
    <File Path="Documentation/Resilient/Overview.md" />
  </Folder>
  <Folder Name="/Documentation/Telemetry/">
    <File Path="Documentation/Telemetry/Meters.md" />
  </Folder>
  <Folder Name="/Examples/" />
  <Folder Name="/Examples/Advanced/">
    <Project Path="Examples/Advanced/Beskar.Adv.Chat.Client/Beskar.Adv.Chat.Client.csproj" />
    <Project Path="Examples/Advanced/Beskar.Adv.Chat.Common/Beskar.Adv.Chat.Common.csproj" />
    <Project Path="Examples/Advanced/Beskar.Adv.Chat.Server/Beskar.Adv.Chat.Server.csproj" />
  </Folder>
  <Folder Name="/Examples/Mqtt/">
    <Project Path="Examples/Mqtt/Beskar.Mqtt.Example.Authentication/Beskar.Mqtt.Example.Authentication.csproj" />
    <Project Path="Examples/Mqtt/Beskar.Mqtt.Example.SimplePubSub/Beskar.Mqtt.Example.SimplePubSub.csproj" />
    <Project Path="Examples/Mqtt/Beskar.Mqtt.Example.QuickStart/Beskar.Mqtt.Example.QuickStart.csproj" />
    <Project Path="Examples/Mqtt/Beskar.Mqtt.Example.GeneratedPubSub/Beskar.Mqtt.Example.GeneratedPubSub.csproj" />
    <Project Path="Examples/Mqtt/Beskar.Mqtt.Example.QosLevels/Beskar.Mqtt.Example.QosLevels.csproj" />
    <Project Path="Examples/Mqtt/Beskar.Mqtt.Example.Reconnection/Beskar.Mqtt.Example.Reconnection.csproj" />
    <Project Path="Examples/Mqtt/Beskar.Mqtt.Example.DisconnectionSafety/Beskar.Mqtt.Example.DisconnectionSafety.csproj" />
    <Project Path="Examples/Mqtt/Beskar.Mqtt.Example.LastWill/Beskar.Mqtt.Example.LastWill.csproj" />
    <Project Path="Examples/Mqtt/Beskar.Mqtt.Example.UserProperties/Beskar.Mqtt.Example.UserProperties.csproj" />
    <Project Path="Examples/Mqtt/Beskar.Mqtt.Example.TopicAliases/Beskar.Mqtt.Example.TopicAliases.csproj" />
    <Project Path="Examples/Mqtt/Beskar.Mqtt.Example.AcknowledgedPublish/Beskar.Mqtt.Example.AcknowledgedPublish.csproj" />
  </Folder>
  <Folder Name="/Examples/Raft/">
    <Project Path="Examples/Raft/Beskar.Raft.Example.QuickStart/Beskar.Raft.Example.QuickStart.csproj" />
    <Project Path="Examples/Raft/Beskar.Raft.Example.KeyValueStore/Beskar.Raft.Example.KeyValueStore.csproj" />
    <Project Path="Examples/Raft/Beskar.Raft.Example.TcpCluster/Beskar.Raft.Example.TcpCluster.csproj" />
    <Project Path="Examples/Raft/Beskar.Raft.Example.PersistentStorage/Beskar.Raft.Example.PersistentStorage.csproj" />
    <Project Path="Examples/Raft/Beskar.Raft.Example.LeaderFailoverRejoin/Beskar.Raft.Example.LeaderFailoverRejoin.csproj" />
    <Project Path="Examples/Raft/Beskar.Raft.Example.SnapshotCompaction/Beskar.Raft.Example.SnapshotCompaction.csproj" />
  </Folder>
  <Folder Name="/Examples/Resilient/">
    <Project Path="Examples/Resilient/Beskar.Resilient.Chat.Common/Beskar.Resilient.Chat.Common.csproj" />
    <Project Path="Examples/Resilient/Beskar.Resilient.Chat.Server/Beskar.Resilient.Chat.Server.csproj" />
    <Project Path="Examples/Resilient/Beskar.Resilient.Chat.Client/Beskar.Resilient.Chat.Client.csproj" />
    <Project Path="Examples/Resilient/Beskar.Resilient.PingPong/Beskar.Resilient.PingPong.csproj" />
    <Project Path="Examples/Resilient/Beskar.Resilient.QuickStart/Beskar.Resilient.QuickStart.csproj" />
    <Project Path="Examples/Resilient/Beskar.Resilient.Authentication/Beskar.Resilient.Authentication.csproj" />
  </Folder>
  <Folder Name="/Examples/Simple/">
    <Project Path="Examples/Simple/Beskar.Bare.PingPongMessage/Beskar.Bare.PingPongMessage.csproj" />
    <Project Path="Examples/Simple/Beskar.Bare.QuickStart/Beskar.Bare.QuickStart.csproj" />
  </Folder>
  <Folder Name="/Examples/Telemetry/">
    <Project Path="Examples/Telemetry/Beskar.Example.Telemetry/Beskar.Example.Telemetry.csproj" />
  </Folder>
  <Folder Name="/Experiments/">
    <Project Path="Experiments/Beskar.Resilient.ChaosSimulator/Beskar.Resilient.ChaosSimulator.csproj" />
    <Project Path="Experiments/Beskar.Resilient.Benchmark/Beskar.Resilient.Benchmark.csproj" />
    <Project Path="Experiments/Beskar.Mqtt.Benchmark/Beskar.Mqtt.Benchmark.csproj" />
    <Project Path="Experiments/Beskar.Tcp.Benchmark/Beskar.Tcp.Benchmark.csproj" />
    <Project Path="Experiments/Beskar.Udp.Benchmark/Beskar.Udp.Benchmark.csproj" />
    <Project Path="Experiments/Beskar.Ws.Benchmark/Beskar.Ws.Benchmark.csproj" />
    <Project Path="Experiments/Beskar.Ws.OnMessage.Benchmark/Beskar.Ws.OnMessage.Benchmark.csproj" />
    <Project Path="Experiments/Beskar.Quic.Benchmark/Beskar.Quic.Benchmark.csproj" />
    <Project Path="Experiments/Beskar.Uds.Benchmark/Beskar.Uds.Benchmark.csproj" />
    <Project Path="Experiments/Beskar.NamedPipes.Benchmark/Beskar.NamedPipes.Benchmark.csproj" />
    <Project Path="Experiments/Beskar.Memory.Benchmark/Beskar.Memory.Benchmark.csproj" />
    <Project Path="Experiments/Beskar.Networking.Benchmarks.Common/Beskar.Networking.Benchmarks.Common.csproj" />
    <Project Path="Experiments/Beskar.Networking.Benchmarks/Beskar.Networking.Benchmarks.csproj" />
    <Project Path="Experiments/Beskar.Networking.Connections/Beskar.Networking.Connections.csproj" />
    <Project Path="Experiments/Beskar.Networking.Experiments/Beskar.Networking.Experiments.csproj" />
    <Project Path="Experiments/Beskar.Mqtt.ChaosSimulator/Beskar.Mqtt.ChaosSimulator.csproj" />
    <Project Path="Experiments/Beskar.Raft.ChaosSimulator/Beskar.Raft.ChaosSimulator.csproj" />
    <Project Path="Experiments/Beskar.Mqtt.AutoReconnectStressTest/Beskar.Mqtt.AutoReconnectStressTest.csproj" />
    <Project Path="Experiments/Beskar.Networking.Transports.ChaosSimulator/Beskar.Networking.Transports.ChaosSimulator.csproj" />
    <Project Path="Experiments/Beskar.Networking.Performance/Beskar.Networking.Performance.csproj" />
    <Project Path="Experiments/Beskar.Networking.Clients/Beskar.Networking.Clients.csproj" />
    <Project Path="Experiments/Beskar.Mqtt.JobUpdatesExperiment/Beskar.Mqtt.JobUpdatesExperiment.csproj" />
    <Project Path="Experiments/Beskar.Networking.ChurnBenchmark/Beskar.Networking.ChurnBenchmark.csproj" />
    <Project Path="Experiments/Beskar.Networking.ChurnRecoveryBenchmark/Beskar.Networking.ChurnRecoveryBenchmark.csproj" />
    <Project Path="Experiments/Beskar.Networking.RealWorldWavesBenchmark/Beskar.Networking.RealWorldWavesBenchmark.csproj" />
    <Project Path="Experiments/Beskar.Networking.RealWorldWavesServer/Beskar.Networking.RealWorldWavesServer.csproj" />
    <Project Path="Experiments/Beskar.Networking.RealWorldWavesClient/Beskar.Networking.RealWorldWavesClient.csproj" />
  </Folder>
  <Folder Name="/Mqtt/">
    <Project Path="Mqtt/Beskar.Mqtt.Client/Beskar.Mqtt.Client.csproj" />
    <Project Path="Mqtt/Beskar.Mqtt.Common.Tests/Beskar.Mqtt.Common.Tests.csproj" />
    <Project Path="Mqtt/Beskar.Mqtt.Common/Beskar.Mqtt.Common.csproj" />
    <Project Path="Mqtt/Beskar.Mqtt.Protocol/Beskar.Mqtt.Protocol.csproj" />
    <Project Path="Mqtt/Beskar.Mqtt.Server/Beskar.Mqtt.Server.csproj" />
  </Folder>
  <Folder Name="/Generators/">
    <Project Path="Generators/Beskar.Generators.Common/Beskar.Generators.Common.csproj" />
  </Folder>
  <Folder Name="/Mqtt/Generators/">
    <Project Path="Mqtt/Beskar.Mqtt.Common.Generators/Beskar.Mqtt.Common.Generators.csproj" />
  </Folder>
  <Folder Name="/Tests/">
    <Project Path="Tests/Beskar.Networking.Transports.Common.Tests/Beskar.Networking.Transports.Common.Tests.csproj" />
    <Project Path="Tests/Beskar.Networking.Transports.Tcp.Tests/Beskar.Networking.Transports.Tcp.Tests.csproj" />
    <Project Path="Tests/Beskar.Networking.Transports.Udp.Tests/Beskar.Networking.Transports.Udp.Tests.csproj" />
    <Project Path="Tests/Beskar.Networking.Transports.Quic.Tests/Beskar.Networking.Transports.Quic.Tests.csproj" />
    <Project Path="Tests/Beskar.Networking.Transports.Ws.Tests/Beskar.Networking.Transports.Ws.Tests.csproj" />
    <Project Path="Tests/Beskar.Networking.Transports.Uds.Tests/Beskar.Networking.Transports.Uds.Tests.csproj" />
    <Project Path="Tests/Beskar.Networking.Transports.NamedPipes.Tests/Beskar.Networking.Transports.NamedPipes.Tests.csproj" />
    <Project Path="Tests/Beskar.Networking.Transports.Memory.Tests/Beskar.Networking.Transports.Memory.Tests.csproj" />
    <Project Path="Tests/Beskar.Mqtt.Integration.Tests/Beskar.Mqtt.Integration.Tests.csproj" />
    <Project Path="Tests/Beskar.Networking.Protocol.Tests/Beskar.Networking.Protocol.Tests.csproj" />
    <Project Path="Tests/Beskar.Networking.Raft.Tests/Beskar.Networking.Raft.Tests.csproj" />
  </Folder>
  <Folder Name="/Raft/">
    <Project Path="Raft/Beskar.Networking.Raft/Beskar.Networking.Raft.csproj" />
  </Folder>
  <Folder Name="/Utilities/">
    <Project Path="Utilities/Beskar.Utilities.Console/Beskar.Utilities.Console.csproj" />
    <Project Path="Utilities/Beskar.Utilities.Tracing/Beskar.Utilities.Tracing.csproj" />
  </Folder>
  <Project Path="Beskar.Networking.Abstractions/Beskar.Networking.Abstractions.csproj" />
  <Project Path="Beskar.Networking.Transports.Common/Beskar.Networking.Transports.Common.csproj" />
  <Project Path="Beskar.Networking.Transports.Quic/Beskar.Networking.Transports.Quic.csproj" />
  <Project Path="Beskar.Networking.Transports.Tcp/Beskar.Networking.Transports.Tcp.csproj" />
  <Project Path="Beskar.Networking.Transports.Udp/Beskar.Networking.Transports.Udp.csproj" />
  <Project Path="Beskar.Networking.Transports.Ws/Beskar.Networking.Transports.Ws.csproj" />
  <Project Path="Beskar.Networking.Transports.Uds/Beskar.Networking.Transports.Uds.csproj" />
  <Project Path="Beskar.Networking.Transports.NamedPipes/Beskar.Networking.Transports.NamedPipes.csproj" />
  <Project Path="Beskar.Networking.Transports.Memory/Beskar.Networking.Transports.Memory.csproj" />
</Solution>
