<Solution>
  <Folder Name="/Additional Files/">
    <File Path=".gitattributes" />
    <File Path=".gitignore" />
    <File Path="CONTRIBUTING.md" />
    <File Path="Directory.Build.props" />
    <File Path="Directory.Packages.props" />
    <File Path="LICENSE.md" />
    <File Path="NuGet.Config" />
    <File Path="README.md" />
    <File Path="SECURITY.md" />
  </Folder>
  <Folder Name="/Experiments/">
    <Project Path="Experiments/Beskar.Networking.Benchmarks/Beskar.Networking.Benchmarks.csproj" />
    <Project Path="Experiments/Beskar.Networking.Experiments/Beskar.Networking.Experiments.csproj" />
  </Folder>
  <Project Path="Beskar.Networking.Abstractions/Beskar.Networking.Abstractions.csproj" />
  <Project Path="Beskar.Networking.Transports.Common/Beskar.Networking.Transports.Common.csproj" />
  <Project Path="Beskar.Networking.Transports.Tcp/Beskar.Networking.Transports.Tcp.csproj" />
</Solution>
